
Microsoft Visual Studio Solution File, Format Version 11.00
# Visual Studio 2010
Project("{FAE04EC0-301F-11D3-BF4B-00C04F79EFBC}") = "Assembly-CSharp", "Assembly-CSharp.csproj", "{15230477-3b20-c361-18df-082f32a52e31}"
EndProject
Project("{FAE04EC0-301F-11D3-BF4B-00C04F79EFBC}") = "Assembly-CSharp-Editor", "Assembly-CSharp-Editor.csproj", "{a86e0b0d-31bb-1613-cf0f-133ba784c7c3}"
EndProject
Global
	GlobalSection(SolutionConfigurationPlatforms) = preSolution
		Debug|Any CPU = Debug|Any CPU
	EndGlobalSection
	GlobalSection(ProjectConfigurationPlatforms) = postSolution
		{15230477-3b20-c361-18df-082f32a52e31}.Debug|Any CPU.ActiveCfg = Debug|Any CPU
		{15230477-3b20-c361-18df-082f32a52e31}.Debug|Any CPU.Build.0 = Debug|Any CPU
		{a86e0b0d-31bb-1613-cf0f-133ba784c7c3}.Debug|Any CPU.ActiveCfg = Debug|Any CPU
		{a86e0b0d-31bb-1613-cf0f-133ba784c7c3}.Debug|Any CPU.Build.0 = Debug|Any CPU
	EndGlobalSection
	GlobalSection(SolutionProperties) = preSolution
		HideSolutionNode = FALSE
	EndGlobalSection
EndGlobal
